
Microsoft Visual Studio Solution File, Format Version 12.00
Project("{FAE04EC0-301F-11D3-BF4B-00C04F79EFBC}") = "lab 6opam", "lab 6opam.csproj", "{A14CA318-18A0-4112-A8C3-10FD24A04B5D}"
EndProject
Global
	GlobalSection(SolutionConfigurationPlatforms) = preSolution
		Debug|Any CPU = Debug|Any CPU
		Release|Any CPU = Release|Any CPU
	EndGlobalSection
	GlobalSection(ProjectConfigurationPlatforms) = postSolution
		{A14CA318-18A0-4112-A8C3-10FD24A04B5D}.Debug|Any CPU.ActiveCfg = Debug|Any CPU
		{A14CA318-18A0-4112-A8C3-10FD24A04B5D}.Debug|Any CPU.Build.0 = Debug|Any CPU
		{A14CA318-18A0-4112-A8C3-10FD24A04B5D}.Release|Any CPU.ActiveCfg = Release|Any CPU
		{A14CA318-18A0-4112-A8C3-10FD24A04B5D}.Release|Any CPU.Build.0 = Release|Any CPU
	EndGlobalSection
EndGlobal
